// !$*UTF8*$!
{
	archiveVersion = 1;
	classes = {
	};
	objectVersion = 50;
	objects = {

/* Begin PBXBuildFile section */
		674FEAB625CD5AF000C36B84 /* KillersGame.xcdatamodeld in Sources */ = {isa = PBXBuildFile; fileRef = 674FEAB425CD5AF000C36B84 /* KillersGame.xcdatamodeld */; };
		674FEABF25CD61FA00C36B84 /* Statistic+CoreDataClass.swift in Sources */ = {isa = PBXBuildFile; fileRef = 674FEAB925CD61FA00C36B84 /* Statistic+CoreDataClass.swift */; };
		674FEAC025CD61FA00C36B84 /* Statistic+CoreDataProperties.swift in Sources */ = {isa = PBXBuildFile; fileRef = 674FEABA25CD61FA00C36B84 /* Statistic+CoreDataProperties.swift */; };
		674FEAC125CD61FA00C36B84 /* Lobby+CoreDataClass.swift in Sources */ = {isa = PBXBuildFile; fileRef = 674FEABB25CD61FA00C36B84 /* Lobby+CoreDataClass.swift */; };
		674FEAC225CD61FA00C36B84 /* Lobby+CoreDataProperties.swift in Sources */ = {isa = PBXBuildFile; fileRef = 674FEABC25CD61FA00C36B84 /* Lobby+CoreDataProperties.swift */; };
		674FEAC325CD61FA00C36B84 /* User+CoreDataClass.swift in Sources */ = {isa = PBXBuildFile; fileRef = 674FEABD25CD61FA00C36B84 /* User+CoreDataClass.swift */; };
		674FEAC425CD61FA00C36B84 /* User+CoreDataProperties.swift in Sources */ = {isa = PBXBuildFile; fileRef = 674FEABE25CD61FA00C36B84 /* User+CoreDataProperties.swift */; };
		674FEACE25CD690900C36B84 /* DataManager.swift in Sources */ = {isa = PBXBuildFile; fileRef = 674FEACD25CD690900C36B84 /* DataManager.swift */; };
		674FEAD225CD762300C36B84 /* RegistrationVC.swift in Sources */ = {isa = PBXBuildFile; fileRef = 674FEAD125CD762300C36B84 /* RegistrationVC.swift */; };
		6794871225CDB62700DECE52 /* UserData.swift in Sources */ = {isa = PBXBuildFile; fileRef = 6794871125CDB62700DECE52 /* UserData.swift */; };
		6794871625CE922100DECE52 /* LoginVC.swift in Sources */ = {isa = PBXBuildFile; fileRef = 6794871525CE922000DECE52 /* LoginVC.swift */; };
		6794871925CEA42500DECE52 /* ProfileVC.swift in Sources */ = {isa = PBXBuildFile; fileRef = 6794871825CEA42500DECE52 /* ProfileVC.swift */; };
		67A4F19625C44D4F0014275D /* AppDelegate.swift in Sources */ = {isa = PBXBuildFile; fileRef = 67A4F19525C44D4F0014275D /* AppDelegate.swift */; };
		67A4F19825C44D4F0014275D /* SceneDelegate.swift in Sources */ = {isa = PBXBuildFile; fileRef = 67A4F19725C44D4F0014275D /* SceneDelegate.swift */; };
		67A4F19A25C44D4F0014275D /* ViewController.swift in Sources */ = {isa = PBXBuildFile; fileRef = 67A4F19925C44D4F0014275D /* ViewController.swift */; };
		67A4F19D25C44D4F0014275D /* Main.storyboard in Resources */ = {isa = PBXBuildFile; fileRef = 67A4F19B25C44D4F0014275D /* Main.storyboard */; };
		67A4F19F25C44D510014275D /* Assets.xcassets in Resources */ = {isa = PBXBuildFile; fileRef = 67A4F19E25C44D510014275D /* Assets.xcassets */; };
		67A4F1A225C44D510014275D /* LaunchScreen.storyboard in Resources */ = {isa = PBXBuildFile; fileRef = 67A4F1A025C44D510014275D /* LaunchScreen.storyboard */; };
		67A4F1AD25C457CA0014275D /* VCExtensions.swift in Sources */ = {isa = PBXBuildFile; fileRef = 67A4F1AC25C457CA0014275D /* VCExtensions.swift */; };
		67E87AD325CEF2AA0050FE0B /* LobbyCreateVC.swift in Sources */ = {isa = PBXBuildFile; fileRef = 67E87AD225CEF2AA0050FE0B /* LobbyCreateVC.swift */; };
		67E87AE325D018820050FE0B /* LobbysVC.swift in Sources */ = {isa = PBXBuildFile; fileRef = 67E87AE225D018820050FE0B /* LobbysVC.swift */; };
		67E87AE625D037400050FE0B /* CustomCell.swift in Sources */ = {isa = PBXBuildFile; fileRef = 67E87AE525D037400050FE0B /* CustomCell.swift */; };
		67E87AEB25D15FFD0050FE0B /* joinedLobbyVC.swift in Sources */ = {isa = PBXBuildFile; fileRef = 67E87AEA25D15FFC0050FE0B /* joinedLobbyVC.swift */; };
/* End PBXBuildFile section */

/* Begin PBXFileReference section */
		674FEAB525CD5AF000C36B84 /* Model.xcdatamodel */ = {isa = PBXFileReference; lastKnownFileType = wrapper.xcdatamodel; path = Model.xcdatamodel; sourceTree = "<group>"; };
		674FEAB925CD61FA00C36B84 /* Statistic+CoreDataClass.swift */ = {isa = PBXFileReference; lastKnownFileType = sourcecode.swift; path = "Statistic+CoreDataClass.swift"; sourceTree = "<group>"; };
		674FEABA25CD61FA00C36B84 /* Statistic+CoreDataProperties.swift */ = {isa = PBXFileReference; lastKnownFileType = sourcecode.swift; path = "Statistic+CoreDataProperties.swift"; sourceTree = "<group>"; };
		674FEABB25CD61FA00C36B84 /* Lobby+CoreDataClass.swift */ = {isa = PBXFileReference; lastKnownFileType = sourcecode.swift; path = "Lobby+CoreDataClass.swift"; sourceTree = "<group>"; };
		674FEABC25CD61FA00C36B84 /* Lobby+CoreDataProperties.swift */ = {isa = PBXFileReference; lastKnownFileType = sourcecode.swift; path = "Lobby+CoreDataProperties.swift"; sourceTree = "<group>"; };
		674FEABD25CD61FA00C36B84 /* User+CoreDataClass.swift */ = {isa = PBXFileReference; lastKnownFileType = sourcecode.swift; path = "User+CoreDataClass.swift"; sourceTree = "<group>"; };
		674FEABE25CD61FA00C36B84 /* User+CoreDataProperties.swift */ = {isa = PBXFileReference; lastKnownFileType = sourcecode.swift; path = "User+CoreDataProperties.swift"; sourceTree = "<group>"; };
		674FEACD25CD690900C36B84 /* DataManager.swift */ = {isa = PBXFileReference; lastKnownFileType = sourcecode.swift; path = DataManager.swift; sourceTree = "<group>"; };
		674FEAD125CD762300C36B84 /* RegistrationVC.swift */ = {isa = PBXFileReference; lastKnownFileType = sourcecode.swift; path = RegistrationVC.swift; sourceTree = "<group>"; };
		6794871125CDB62700DECE52 /* UserData.swift */ = {isa = PBXFileReference; lastKnownFileType = sourcecode.swift; path = UserData.swift; sourceTree = "<group>"; };
		6794871525CE922000DECE52 /* LoginVC.swift */ = {isa = PBXFileReference; lastKnownFileType = sourcecode.swift; path = LoginVC.swift; sourceTree = "<group>"; };
		6794871825CEA42500DECE52 /* ProfileVC.swift */ = {isa = PBXFileReference; lastKnownFileType = sourcecode.swift; path = ProfileVC.swift; sourceTree = "<group>"; };
		67A4F19225C44D4F0014275D /* KillersGame.app */ = {isa = PBXFileReference; explicitFileType = wrapper.application; includeInIndex = 0; path = KillersGame.app; sourceTree = BUILT_PRODUCTS_DIR; };
		67A4F19525C44D4F0014275D /* AppDelegate.swift */ = {isa = PBXFileReference; lastKnownFileType = sourcecode.swift; path = AppDelegate.swift; sourceTree = "<group>"; };
		67A4F19725C44D4F0014275D /* SceneDelegate.swift */ = {isa = PBXFileReference; lastKnownFileType = sourcecode.swift; path = SceneDelegate.swift; sourceTree = "<group>"; };
		67A4F19925C44D4F0014275D /* ViewController.swift */ = {isa = PBXFileReference; lastKnownFileType = sourcecode.swift; path = ViewController.swift; sourceTree = "<group>"; };
		67A4F19C25C44D4F0014275D /* Base */ = {isa = PBXFileReference; lastKnownFileType = file.storyboard; name = Base; path = Base.lproj/Main.storyboard; sourceTree = "<group>"; };
		67A4F19E25C44D510014275D /* Assets.xcassets */ = {isa = PBXFileReference; lastKnownFileType = folder.assetcatalog; path = Assets.xcassets; sourceTree = "<group>"; };
		67A4F1A125C44D510014275D /* Base */ = {isa = PBXFileReference; lastKnownFileType = file.storyboard; name = Base; path = Base.lproj/LaunchScreen.storyboard; sourceTree = "<group>"; };
		67A4F1A325C44D510014275D /* Info.plist */ = {isa = PBXFileReference; lastKnownFileType = text.plist.xml; path = Info.plist; sourceTree = "<group>"; };
		67A4F1AC25C457CA0014275D /* VCExtensions.swift */ = {isa = PBXFileReference; lastKnownFileType = sourcecode.swift; path = VCExtensions.swift; sourceTree = "<group>"; };
		67E87AD225CEF2AA0050FE0B /* LobbyCreateVC.swift */ = {isa = PBXFileReference; lastKnownFileType = sourcecode.swift; path = LobbyCreateVC.swift; sourceTree = "<group>"; };
		67E87AE225D018820050FE0B /* LobbysVC.swift */ = {isa = PBXFileReference; lastKnownFileType = sourcecode.swift; path = LobbysVC.swift; sourceTree = "<group>"; };
		67E87AE525D037400050FE0B /* CustomCell.swift */ = {isa = PBXFileReference; lastKnownFileType = sourcecode.swift; path = CustomCell.swift; sourceTree = "<group>"; };
		67E87AEA25D15FFC0050FE0B /* joinedLobbyVC.swift */ = {isa = PBXFileReference; lastKnownFileType = sourcecode.swift; path = joinedLobbyVC.swift; sourceTree = "<group>"; };
/* End PBXFileReference section */

/* Begin PBXFrameworksBuildPhase section */
		67A4F18F25C44D4F0014275D /* Frameworks */ = {
			isa = PBXFrameworksBuildPhase;
			buildActionMask = 2147483647;
			files = (
			);
			runOnlyForDeploymentPostprocessing = 0;
		};
/* End PBXFrameworksBuildPhase section */

/* Begin PBXGroup section */
		674FEAB225CD585D00C36B84 /* Extensions */ = {
			isa = PBXGroup;
			children = (
				67A4F1AC25C457CA0014275D /* VCExtensions.swift */,
			);
			path = Extensions;
			sourceTree = "<group>";
		};
		674FEAC725CD625900C36B84 /* CoreData */ = {
			isa = PBXGroup;
			children = (
				674FEAB925CD61FA00C36B84 /* Statistic+CoreDataClass.swift */,
				674FEABA25CD61FA00C36B84 /* Statistic+CoreDataProperties.swift */,
				674FEABB25CD61FA00C36B84 /* Lobby+CoreDataClass.swift */,
				674FEABC25CD61FA00C36B84 /* Lobby+CoreDataProperties.swift */,
				674FEABD25CD61FA00C36B84 /* User+CoreDataClass.swift */,
				674FEABE25CD61FA00C36B84 /* User+CoreDataProperties.swift */,
			);
			path = CoreData;
			sourceTree = "<group>";
		};
		674FEAD425CD763000C36B84 /* VC */ = {
			isa = PBXGroup;
			children = (
				67A4F19925C44D4F0014275D /* ViewController.swift */,
				674FEAD125CD762300C36B84 /* RegistrationVC.swift */,
				6794871525CE922000DECE52 /* LoginVC.swift */,
				6794871825CEA42500DECE52 /* ProfileVC.swift */,
				67E87AD225CEF2AA0050FE0B /* LobbyCreateVC.swift */,
				67E87AE225D018820050FE0B /* LobbysVC.swift */,
				67E87AEA25D15FFC0050FE0B /* joinedLobbyVC.swift */,
			);
			path = VC;
			sourceTree = "<group>";
		};
		6794870D25CDAA9800DECE52 /* Delegates */ = {
			isa = PBXGroup;
			children = (
				67A4F19525C44D4F0014275D /* AppDelegate.swift */,
				67A4F19725C44D4F0014275D /* SceneDelegate.swift */,
			);
			path = Delegates;
			sourceTree = "<group>";
		};
		6794870F25CDACF700DECE52 /* Managers */ = {
			isa = PBXGroup;
			children = (
				674FEACD25CD690900C36B84 /* DataManager.swift */,
			);
			path = Managers;
			sourceTree = "<group>";
		};
		67A4F18925C44D4F0014275D = {
			isa = PBXGroup;
			children = (
				67A4F19425C44D4F0014275D /* KillersGame */,
				67A4F19325C44D4F0014275D /* Products */,
			);
			sourceTree = "<group>";
		};
		67A4F19325C44D4F0014275D /* Products */ = {
			isa = PBXGroup;
			children = (
				67A4F19225C44D4F0014275D /* KillersGame.app */,
			);
			name = Products;
			sourceTree = "<group>";
		};
		67A4F19425C44D4F0014275D /* KillersGame */ = {
			isa = PBXGroup;
			children = (
				67E87AD825CEF5E80050FE0B /* Model */,
				6794870D25CDAA9800DECE52 /* Delegates */,
				674FEAD425CD763000C36B84 /* VC */,
				67A4F19B25C44D4F0014275D /* Main.storyboard */,
				67A4F19E25C44D510014275D /* Assets.xcassets */,
				67A4F1A025C44D510014275D /* LaunchScreen.storyboard */,
				674FEAB425CD5AF000C36B84 /* KillersGame.xcdatamodeld */,
				67A4F1A325C44D510014275D /* Info.plist */,
			);
			path = KillersGame;
			sourceTree = "<group>";
		};
		67E87AD625CEF5D40050FE0B /* UserDefaults */ = {
			isa = PBXGroup;
			children = (
				6794871125CDB62700DECE52 /* UserData.swift */,
			);
			path = UserDefaults;
			sourceTree = "<group>";
		};
		67E87AD825CEF5E80050FE0B /* Model */ = {
			isa = PBXGroup;
			children = (
				67E87AD625CEF5D40050FE0B /* UserDefaults */,
				674FEAB225CD585D00C36B84 /* Extensions */,
				674FEAC725CD625900C36B84 /* CoreData */,
				6794870F25CDACF700DECE52 /* Managers */,
				67E87AE825D038210050FE0B /* Cells */,
			);
			path = Model;
			sourceTree = "<group>";
		};
		67E87AE825D038210050FE0B /* Cells */ = {
			isa = PBXGroup;
			children = (
				67E87AE525D037400050FE0B /* CustomCell.swift */,
			);
			path = Cells;
			sourceTree = "<group>";
		};
/* End PBXGroup section */

/* Begin PBXNativeTarget section */
		67A4F19125C44D4F0014275D /* KillersGame */ = {
			isa = PBXNativeTarget;
			buildConfigurationList = 67A4F1A625C44D510014275D /* Build configuration list for PBXNativeTarget "KillersGame" */;
			buildPhases = (
				67A4F18E25C44D4F0014275D /* Sources */,
				67A4F18F25C44D4F0014275D /* Frameworks */,
				67A4F19025C44D4F0014275D /* Resources */,
			);
			buildRules = (
			);
			dependencies = (
			);
			name = KillersGame;
			productName = KillersGame;
			productReference = 67A4F19225C44D4F0014275D /* KillersGame.app */;
			productType = "com.apple.product-type.application";
		};
/* End PBXNativeTarget section */

/* Begin PBXProject section */
		67A4F18A25C44D4F0014275D /* Project object */ = {
			isa = PBXProject;
			attributes = {
				LastSwiftUpdateCheck = 1220;
				LastUpgradeCheck = 1220;
				TargetAttributes = {
					67A4F19125C44D4F0014275D = {
						CreatedOnToolsVersion = 12.2;
					};
				};
			};
			buildConfigurationList = 67A4F18D25C44D4F0014275D /* Build configuration list for PBXProject "KillersGame" */;
			compatibilityVersion = "Xcode 9.3";
			developmentRegion = en;
			hasScannedForEncodings = 0;
			knownRegions = (
				en,
				Base,
			);
			mainGroup = 67A4F18925C44D4F0014275D;
			productRefGroup = 67A4F19325C44D4F0014275D /* Products */;
			projectDirPath = "";
			projectRoot = "";
			targets = (
				67A4F19125C44D4F0014275D /* KillersGame */,
			);
		};
/* End PBXProject section */

/* Begin PBXResourcesBuildPhase section */
		67A4F19025C44D4F0014275D /* Resources */ = {
			isa = PBXResourcesBuildPhase;
			buildActionMask = 2147483647;
			files = (
				67A4F1A225C44D510014275D /* LaunchScreen.storyboard in Resources */,
				67A4F19F25C44D510014275D /* Assets.xcassets in Resources */,
				67A4F19D25C44D4F0014275D /* Main.storyboard in Resources */,
			);
			runOnlyForDeploymentPostprocessing = 0;
		};
/* End PBXResourcesBuildPhase section */

/* Begin PBXSourcesBuildPhase section */
		67A4F18E25C44D4F0014275D /* Sources */ = {
			isa = PBXSourcesBuildPhase;
			buildActionMask = 2147483647;
			files = (
				674FEAC225CD61FA00C36B84 /* Lobby+CoreDataProperties.swift in Sources */,
				674FEAC125CD61FA00C36B84 /* Lobby+CoreDataClass.swift in Sources */,
				67A4F19A25C44D4F0014275D /* ViewController.swift in Sources */,
				67A4F19625C44D4F0014275D /* AppDelegate.swift in Sources */,
				6794871925CEA42500DECE52 /* ProfileVC.swift in Sources */,
				674FEAC325CD61FA00C36B84 /* User+CoreDataClass.swift in Sources */,
				6794871225CDB62700DECE52 /* UserData.swift in Sources */,
				674FEAD225CD762300C36B84 /* RegistrationVC.swift in Sources */,
				67E87AEB25D15FFD0050FE0B /* joinedLobbyVC.swift in Sources */,
				67E87AE625D037400050FE0B /* CustomCell.swift in Sources */,
				674FEAC025CD61FA00C36B84 /* Statistic+CoreDataProperties.swift in Sources */,
				674FEAB625CD5AF000C36B84 /* KillersGame.xcdatamodeld in Sources */,
				674FEAC425CD61FA00C36B84 /* User+CoreDataProperties.swift in Sources */,
				67A4F1AD25C457CA0014275D /* VCExtensions.swift in Sources */,
				67E87AD325CEF2AA0050FE0B /* LobbyCreateVC.swift in Sources */,
				67E87AE325D018820050FE0B /* LobbysVC.swift in Sources */,
				674FEABF25CD61FA00C36B84 /* Statistic+CoreDataClass.swift in Sources */,
				67A4F19825C44D4F0014275D /* SceneDelegate.swift in Sources */,
				674FEACE25CD690900C36B84 /* DataManager.swift in Sources */,
				6794871625CE922100DECE52 /* LoginVC.swift in Sources */,
			);
			runOnlyForDeploymentPostprocessing = 0;
		};
/* End PBXSourcesBuildPhase section */

/* Begin PBXVariantGroup section */
		67A4F19B25C44D4F0014275D /* Main.storyboard */ = {
			isa = PBXVariantGroup;
			children = (
				67A4F19C25C44D4F0014275D /* Base */,
			);
			name = Main.storyboard;
			sourceTree = "<group>";
		};
		67A4F1A025C44D510014275D /* LaunchScreen.storyboard */ = {
			isa = PBXVariantGroup;
			children = (
				67A4F1A125C44D510014275D /* Base */,
			);
			name = LaunchScreen.storyboard;
			sourceTree = "<group>";
		};
/* End PBXVariantGroup section */

/* Begin XCBuildConfiguration section */
		67A4F1A425C44D510014275D /* Debug */ = {
			isa = XCBuildConfiguration;
			buildSettings = {
				ALWAYS_SEARCH_USER_PATHS = NO;
				CLANG_ANALYZER_NONNULL = YES;
				CLANG_ANALYZER_NUMBER_OBJECT_CONVERSION = YES_AGGRESSIVE;
				CLANG_CXX_LANGUAGE_STANDARD = "gnu++14";
				CLANG_CXX_LIBRARY = "libc++";
				CLANG_ENABLE_MODULES = YES;
				CLANG_ENABLE_OBJC_ARC = YES;
				CLANG_ENABLE_OBJC_WEAK = YES;
				CLANG_WARN_BLOCK_CAPTURE_AUTORELEASING = YES;
				CLANG_WARN_BOOL_CONVERSION = YES;
				CLANG_WARN_COMMA = YES;
				CLANG_WARN_CONSTANT_CONVERSION = YES;
				CLANG_WARN_DEPRECATED_OBJC_IMPLEMENTATIONS = YES;
				CLANG_WARN_DIRECT_OBJC_ISA_USAGE = YES_ERROR;
				CLANG_WARN_DOCUMENTATION_COMMENTS = YES;
				CLANG_WARN_EMPTY_BODY = YES;
				CLANG_WARN_ENUM_CONVERSION = YES;
				CLANG_WARN_INFINITE_RECURSION = YES;
				CLANG_WARN_INT_CONVERSION = YES;
				CLANG_WARN_NON_LITERAL_NULL_CONVERSION = YES;
				CLANG_WARN_OBJC_IMPLICIT_RETAIN_SELF = YES;
				CLANG_WARN_OBJC_LITERAL_CONVERSION = YES;
				CLANG_WARN_OBJC_ROOT_CLASS = YES_ERROR;
				CLANG_WARN_QUOTED_INCLUDE_IN_FRAMEWORK_HEADER = YES;
				CLANG_WARN_RANGE_LOOP_ANALYSIS = YES;
				CLANG_WARN_STRICT_PROTOTYPES = YES;
				CLANG_WARN_SUSPICIOUS_MOVE = YES;
				CLANG_WARN_UNGUARDED_AVAILABILITY = YES_AGGRESSIVE;
				CLANG_WARN_UNREACHABLE_CODE = YES;
				CLANG_WARN__DUPLICATE_METHOD_MATCH = YES;
				COPY_PHASE_STRIP = NO;
				DEBUG_INFORMATION_FORMAT = dwarf;
				ENABLE_STRICT_OBJC_MSGSEND = YES;
				ENABLE_TESTABILITY = YES;
				GCC_C_LANGUAGE_STANDARD = gnu11;
				GCC_DYNAMIC_NO_PIC = NO;
				GCC_NO_COMMON_BLOCKS = YES;
				GCC_OPTIMIZATION_LEVEL = 0;
				GCC_PREPROCESSOR_DEFINITIONS = (
					"DEBUG=1",
					"$(inherited)",
				);
				GCC_WARN_64_TO_32_BIT_CONVERSION = YES;
				GCC_WARN_ABOUT_RETURN_TYPE = YES_ERROR;
				GCC_WARN_UNDECLARED_SELECTOR = YES;
				GCC_WARN_UNINITIALIZED_AUTOS = YES_AGGRESSIVE;
				GCC_WARN_UNUSED_FUNCTION = YES;
				GCC_WARN_UNUSED_VARIABLE = YES;
				IPHONEOS_DEPLOYMENT_TARGET = 14.2;
				MTL_ENABLE_DEBUG_INFO = INCLUDE_SOURCE;
				MTL_FAST_MATH = YES;
				ONLY_ACTIVE_ARCH = YES;
				SDKROOT = iphoneos;
				SWIFT_ACTIVE_COMPILATION_CONDITIONS = DEBUG;
				SWIFT_OPTIMIZATION_LEVEL = "-Onone";
			};
			name = Debug;
		};
		67A4F1A525C44D510014275D /* Release */ = {
			isa = XCBuildConfiguration;
			buildSettings = {
				ALWAYS_SEARCH_USER_PATHS = NO;
				CLANG_ANALYZER_NONNULL = YES;
				CLANG_ANALYZER_NUMBER_OBJECT_CONVERSION = YES_AGGRESSIVE;
				CLANG_CXX_LANGUAGE_STANDARD = "gnu++14";
				CLANG_CXX_LIBRARY = "libc++";
				CLANG_ENABLE_MODULES = YES;
				CLANG_ENABLE_OBJC_ARC = YES;
				CLANG_ENABLE_OBJC_WEAK = YES;
				CLANG_WARN_BLOCK_CAPTURE_AUTORELEASING = YES;
				CLANG_WARN_BOOL_CONVERSION = YES;
				CLANG_WARN_COMMA = YES;
				CLANG_WARN_CONSTANT_CONVERSION = YES;
				CLANG_WARN_DEPRECATED_OBJC_IMPLEMENTATIONS = YES;
				CLANG_WARN_DIRECT_OBJC_ISA_USAGE = YES_ERROR;
				CLANG_WARN_DOCUMENTATION_COMMENTS = YES;
				CLANG_WARN_EMPTY_BODY = YES;
				CLANG_WARN_ENUM_CONVERSION = YES;
				CLANG_WARN_INFINITE_RECURSION = YES;
				CLANG_WARN_INT_CONVERSION = YES;
				CLANG_WARN_NON_LITERAL_NULL_CONVERSION = YES;
				CLANG_WARN_OBJC_IMPLICIT_RETAIN_SELF = YES;
				CLANG_WARN_OBJC_LITERAL_CONVERSION = YES;
				CLANG_WARN_OBJC_ROOT_CLASS = YES_ERROR;
				CLANG_WARN_QUOTED_INCLUDE_IN_FRAMEWORK_HEADER = YES;
				CLANG_WARN_RANGE_LOOP_ANALYSIS = YES;
				CLANG_WARN_STRICT_PROTOTYPES = YES;
				CLANG_WARN_SUSPICIOUS_MOVE = YES;
				CLANG_WARN_UNGUARDED_AVAILABILITY = YES_AGGRESSIVE;
				CLANG_WARN_UNREACHABLE_CODE = YES;
				CLANG_WARN__DUPLICATE_METHOD_MATCH = YES;
				COPY_PHASE_STRIP = NO;
				DEBUG_INFORMATION_FORMAT = "dwarf-with-dsym";
				ENABLE_NS_ASSERTIONS = NO;
				ENABLE_STRICT_OBJC_MSGSEND = YES;
				GCC_C_LANGUAGE_STANDARD = gnu11;
				GCC_NO_COMMON_BLOCKS = YES;
				GCC_WARN_64_TO_32_BIT_CONVERSION = YES;
				GCC_WARN_ABOUT_RETURN_TYPE = YES_ERROR;
				GCC_WARN_UNDECLARED_SELECTOR = YES;
				GCC_WARN_UNINITIALIZED_AUTOS = YES_AGGRESSIVE;
				GCC_WARN_UNUSED_FUNCTION = YES;
				GCC_WARN_UNUSED_VARIABLE = YES;
				IPHONEOS_DEPLOYMENT_TARGET = 14.2;
				MTL_ENABLE_DEBUG_INFO = NO;
				MTL_FAST_MATH = YES;
				SDKROOT = iphoneos;
				SWIFT_COMPILATION_MODE = wholemodule;
				SWIFT_OPTIMIZATION_LEVEL = "-O";
				VALIDATE_PRODUCT = YES;
			};
			name = Release;
		};
		67A4F1A725C44D510014275D /* Debug */ = {
			isa = XCBuildConfiguration;
			buildSettings = {
				ASSETCATALOG_COMPILER_APPICON_NAME = AppIcon;
				ASSETCATALOG_COMPILER_GLOBAL_ACCENT_COLOR_NAME = AccentColor;
				CODE_SIGN_STYLE = Automatic;
				INFOPLIST_FILE = KillersGame/Info.plist;
				LD_RUNPATH_SEARCH_PATHS = (
					"$(inherited)",
					"@executable_path/Frameworks",
				);
				PRODUCT_BUNDLE_IDENTIFIER = kpfu.itis.ru.core.KillersGame;
				PRODUCT_NAME = "$(TARGET_NAME)";
				SWIFT_VERSION = 5.0;
				TARGETED_DEVICE_FAMILY = 1;
			};
			name = Debug;
		};
		67A4F1A825C44D510014275D /* Release */ = {
			isa = XCBuildConfiguration;
			buildSettings = {
				ASSETCATALOG_COMPILER_APPICON_NAME = AppIcon;
				ASSETCATALOG_COMPILER_GLOBAL_ACCENT_COLOR_NAME = AccentColor;
				CODE_SIGN_STYLE = Automatic;
				INFOPLIST_FILE = KillersGame/Info.plist;
				LD_RUNPATH_SEARCH_PATHS = (
					"$(inherited)",
					"@executable_path/Frameworks",
				);
				PRODUCT_BUNDLE_IDENTIFIER = kpfu.itis.ru.core.KillersGame;
				PRODUCT_NAME = "$(TARGET_NAME)";
				SWIFT_VERSION = 5.0;
				TARGETED_DEVICE_FAMILY = 1;
			};
			name = Release;
		};
/* End XCBuildConfiguration section */

/* Begin XCConfigurationList section */
		67A4F18D25C44D4F0014275D /* Build configuration list for PBXProject "KillersGame" */ = {
			isa = XCConfigurationList;
			buildConfigurations = (
				67A4F1A425C44D510014275D /* Debug */,
				67A4F1A525C44D510014275D /* Release */,
			);
			defaultConfigurationIsVisible = 0;
			defaultConfigurationName = Release;
		};
		67A4F1A625C44D510014275D /* Build configuration list for PBXNativeTarget "KillersGame" */ = {
			isa = XCConfigurationList;
			buildConfigurations = (
				67A4F1A725C44D510014275D /* Debug */,
				67A4F1A825C44D510014275D /* Release */,
			);
			defaultConfigurationIsVisible = 0;
			defaultConfigurationName = Release;
		};
/* End XCConfigurationList section */

/* Begin XCVersionGroup section */
		674FEAB425CD5AF000C36B84 /* KillersGame.xcdatamodeld */ = {
			isa = XCVersionGroup;
			children = (
				674FEAB525CD5AF000C36B84 /* Model.xcdatamodel */,
			);
			currentVersion = 674FEAB525CD5AF000C36B84 /* Model.xcdatamodel */;
			path = KillersGame.xcdatamodeld;
			sourceTree = "<group>";
			versionGroupType = wrapper.xcdatamodel;
		};
/* End XCVersionGroup section */
	};
	rootObject = 67A4F18A25C44D4F0014275D /* Project object */;
}
